// !$*UTF8*$!
{
	archiveVersion = 1;
	classes = {
	};
	objectVersion = 56;
	objects = {

/* Begin PBXBuildFile section */
		09FBDF012A29887A00EC01E5 /* HomeWork2App.swift in Sources */ = {isa = PBXBuildFile; fileRef = 09FBDF002A29887A00EC01E5 /* HomeWork2App.swift */; };
		09FBDF032A29887A00EC01E5 /* ContentView.swift in Sources */ = {isa = PBXBuildFile; fileRef = 09FBDF022A29887A00EC01E5 /* ContentView.swift */; };
		09FBDF052A29887B00EC01E5 /* Assets.xcassets in Resources */ = {isa = PBXBuildFile; fileRef = 09FBDF042A29887B00EC01E5 /* Assets.xcassets */; };
		09FBDF082A29887B00EC01E5 /* Preview Assets.xcassets in Resources */ = {isa = PBXBuildFile; fileRef = 09FBDF072A29887B00EC01E5 /* Preview Assets.xcassets */; };
		09FBDF0A2A29887B00EC01E5 /* Persistence.swift in Sources */ = {isa = PBXBuildFile; fileRef = 09FBDF092A29887B00EC01E5 /* Persistence.swift */; };
		09FBDF0D2A29887B00EC01E5 /* HomeWork2.xcdatamodeld in Sources */ = {isa = PBXBuildFile; fileRef = 09FBDF0B2A29887B00EC01E5 /* HomeWork2.xcdatamodeld */; };
/* End PBXBuildFile section */

/* Begin PBXFileReference section */
		09FBDEFD2A29887A00EC01E5 /* HomeWork2.app */ = {isa = PBXFileReference; explicitFileType = wrapper.application; includeInIndex = 0; path = HomeWork2.app; sourceTree = BUILT_PRODUCTS_DIR; };
		09FBDF002A29887A00EC01E5 /* HomeWork2App.swift */ = {isa = PBXFileReference; lastKnownFileType = sourcecode.swift; path = HomeWork2App.swift; sourceTree = "<group>"; };
		09FBDF022A29887A00EC01E5 /* ContentView.swift */ = {isa = PBXFileReference; lastKnownFileType = sourcecode.swift; path = ContentView.swift; sourceTree = "<group>"; };
		09FBDF042A29887B00EC01E5 /* Assets.xcassets */ = {isa = PBXFileReference; lastKnownFileType = folder.assetcatalog; path = Assets.xcassets; sourceTree = "<group>"; };
		09FBDF072A29887B00EC01E5 /* Preview Assets.xcassets */ = {isa = PBXFileReference; lastKnownFileType = folder.assetcatalog; path = "Preview Assets.xcassets"; sourceTree = "<group>"; };
		09FBDF092A29887B00EC01E5 /* Persistence.swift */ = {isa = PBXFileReference; lastKnownFileType = sourcecode.swift; path = Persistence.swift; sourceTree = "<group>"; };
		09FBDF0C2A29887B00EC01E5 /* HomeWork2.xcdatamodel */ = {isa = PBXFileReference; lastKnownFileType = wrapper.xcdatamodel; path = HomeWork2.xcdatamodel; sourceTree = "<group>"; };
/* End PBXFileReference section */

/* Begin PBXFrameworksBuildPhase section */
		09FBDEFA2A29887A00EC01E5 /* Frameworks */ = {
			isa = PBXFrameworksBuildPhase;
			buildActionMask = 2147483647;
			files = (
			);
			runOnlyForDeploymentPostprocessing = 0;
		};
/* End PBXFrameworksBuildPhase section */

/* Begin PBXGroup section */
		09FBDEF42A29887A00EC01E5 = {
			isa = PBXGroup;
			children = (
				09FBDEFF2A29887A00EC01E5 /* HomeWork2 */,
				09FBDEFE2A29887A00EC01E5 /* Products */,
			);
			sourceTree = "<group>";
		};
		09FBDEFE2A29887A00EC01E5 /* Products */ = {
			isa = PBXGroup;
			children = (
				09FBDEFD2A29887A00EC01E5 /* HomeWork2.app */,
			);
			name = Products;
			sourceTree = "<group>";
		};
		09FBDEFF2A29887A00EC01E5 /* HomeWork2 */ = {
			isa = PBXGroup;
			children = (
				09FBDF002A29887A00EC01E5 /* HomeWork2App.swift */,
				09FBDF022A29887A00EC01E5 /* ContentView.swift */,
				09FBDF042A29887B00EC01E5 /* Assets.xcassets */,
				09FBDF092A29887B00EC01E5 /* Persistence.swift */,
				09FBDF0B2A29887B00EC01E5 /* HomeWork2.xcdatamodeld */,
				09FBDF062A29887B00EC01E5 /* Preview Content */,
			);
			path = HomeWork2;
			sourceTree = "<group>";
		};
		09FBDF062A29887B00EC01E5 /* Preview Content */ = {
			isa = PBXGroup;
			children = (
				09FBDF072A29887B00EC01E5 /* Preview Assets.xcassets */,
			);
			path = "Preview Content";
			sourceTree = "<group>";
		};
/* End PBXGroup section */

/* Begin PBXNativeTarget section */
		09FBDEFC2A29887A00EC01E5 /* HomeWork2 */ = {
			isa = PBXNativeTarget;
			buildConfigurationList = 09FBDF102A29887B00EC01E5 /* Build configuration list for PBXNativeTarget "HomeWork2" */;
			buildPhases = (
				09FBDEF92A29887A00EC01E5 /* Sources */,
				09FBDEFA2A29887A00EC01E5 /* Frameworks */,
				09FBDEFB2A29887A00EC01E5 /* Resources */,
			);
			buildRules = (
			);
			dependencies = (
			);
			name = HomeWork2;
			productName = HomeWork2;
			productReference = 09FBDEFD2A29887A00EC01E5 /* HomeWork2.app */;
			productType = "com.apple.product-type.application";
		};
/* End PBXNativeTarget section */

/* Begin PBXProject section */
		09FBDEF52A29887A00EC01E5 /* Project object */ = {
			isa = PBXProject;
			attributes = {
				BuildIndependentTargetsInParallel = 1;
				LastSwiftUpdateCheck = 1430;
				LastUpgradeCheck = 1430;
				TargetAttributes = {
					09FBDEFC2A29887A00EC01E5 = {
						CreatedOnToolsVersion = 14.3;
					};
				};
			};
			buildConfigurationList = 09FBDEF82A29887A00EC01E5 /* Build configuration list for PBXProject "HomeWork2" */;
			compatibilityVersion = "Xcode 14.0";
			developmentRegion = en;
			hasScannedForEncodings = 0;
			knownRegions = (
				en,
				Base,
			);
			mainGroup = 09FBDEF42A29887A00EC01E5;
			productRefGroup = 09FBDEFE2A29887A00EC01E5 /* Products */;
			projectDirPath = "";
			projectRoot = "";
			targets = (
				09FBDEFC2A29887A00EC01E5 /* HomeWork2 */,
			);
		};
/* End PBXProject section */

/* Begin PBXResourcesBuildPhase section */
		09FBDEFB2A29887A00EC01E5 /* Resources */ = {
			isa = PBXResourcesBuildPhase;
			buildActionMask = 2147483647;
			files = (
				09FBDF082A29887B00EC01E5 /* Preview Assets.xcassets in Resources */,
				09FBDF052A29887B00EC01E5 /* Assets.xcassets in Resources */,
			);
			runOnlyForDeploymentPostprocessing = 0;
		};
/* End PBXResourcesBuildPhase section */

/* Begin PBXSourcesBuildPhase section */
		09FBDEF92A29887A00EC01E5 /* Sources */ = {
			isa = PBXSourcesBuildPhase;
			buildActionMask = 2147483647;
			files = (
				09FBDF0D2A29887B00EC01E5 /* HomeWork2.xcdatamodeld in Sources */,
				09FBDF0A2A29887B00EC01E5 /* Persistence.swift in Sources */,
				09FBDF032A29887A00EC01E5 /* ContentView.swift in Sources */,
				09FBDF012A29887A00EC01E5 /* HomeWork2App.swift in Sources */,
			);
			runOnlyForDeploymentPostprocessing = 0;
		};
/* End PBXSourcesBuildPhase section */

/* Begin XCBuildConfiguration section */
		09FBDF0E2A29887B00EC01E5 /* Debug */ = {
			isa = XCBuildConfiguration;
			buildSettings = {
				ALWAYS_SEARCH_USER_PATHS = NO;
				CLANG_ANALYZER_NONNULL = YES;
				CLANG_ANALYZER_NUMBER_OBJECT_CONVERSION = YES_AGGRESSIVE;
				CLANG_CXX_LANGUAGE_STANDARD = "gnu++20";
				CLANG_ENABLE_MODULES = YES;
				CLANG_ENABLE_OBJC_ARC = YES;
				CLANG_ENABLE_OBJC_WEAK = YES;
				CLANG_WARN_BLOCK_CAPTURE_AUTORELEASING = YES;
				CLANG_WARN_BOOL_CONVERSION = YES;
				CLANG_WARN_COMMA = YES;
				CLANG_WARN_CONSTANT_CONVERSION = YES;
				CLANG_WARN_DEPRECATED_OBJC_IMPLEMENTATIONS = YES;
				CLANG_WARN_DIRECT_OBJC_ISA_USAGE = YES_ERROR;
				CLANG_WARN_DOCUMENTATION_COMMENTS = YES;
				CLANG_WARN_EMPTY_BODY = YES;
				CLANG_WARN_ENUM_CONVERSION = YES;
				CLANG_WARN_INFINITE_RECURSION = YES;
				CLANG_WARN_INT_CONVERSION = YES;
				CLANG_WARN_NON_LITERAL_NULL_CONVERSION = YES;
				CLANG_WARN_OBJC_IMPLICIT_RETAIN_SELF = YES;
				CLANG_WARN_OBJC_LITERAL_CONVERSION = YES;
				CLANG_WARN_OBJC_ROOT_CLASS = YES_ERROR;
				CLANG_WARN_QUOTED_INCLUDE_IN_FRAMEWORK_HEADER = YES;
				CLANG_WARN_RANGE_LOOP_ANALYSIS = YES;
				CLANG_WARN_STRICT_PROTOTYPES = YES;
				CLANG_WARN_SUSPICIOUS_MOVE = YES;
				CLANG_WARN_UNGUARDED_AVAILABILITY = YES_AGGRESSIVE;
				CLANG_WARN_UNREACHABLE_CODE = YES;
				CLANG_WARN__DUPLICATE_METHOD_MATCH = YES;
				COPY_PHASE_STRIP = NO;
				DEBUG_INFORMATION_FORMAT = dwarf;
				ENABLE_STRICT_OBJC_MSGSEND = YES;
				ENABLE_TESTABILITY = YES;
				GCC_C_LANGUAGE_STANDARD = gnu11;
				GCC_DYNAMIC_NO_PIC = NO;
				GCC_NO_COMMON_BLOCKS = YES;
				GCC_OPTIMIZATION_LEVEL = 0;
				GCC_PREPROCESSOR_DEFINITIONS = (
					"DEBUG=1",
					"$(inherited)",
				);
				GCC_WARN_64_TO_32_BIT_CONVERSION = YES;
				GCC_WARN_ABOUT_RETURN_TYPE = YES_ERROR;
				GCC_WARN_UNDECLARED_SELECTOR = YES;
				GCC_WARN_UNINITIALIZED_AUTOS = YES_AGGRESSIVE;
				GCC_WARN_UNUSED_FUNCTION = YES;
				GCC_WARN_UNUSED_VARIABLE = YES;
				IPHONEOS_DEPLOYMENT_TARGET = 16.4;
				MTL_ENABLE_DEBUG_INFO = INCLUDE_SOURCE;
				MTL_FAST_MATH = YES;
				ONLY_ACTIVE_ARCH = YES;
				SDKROOT = iphoneos;
				SWIFT_ACTIVE_COMPILATION_CONDITIONS = DEBUG;
				SWIFT_OPTIMIZATION_LEVEL = "-Onone";
			};
			name = Debug;
		};
		09FBDF0F2A29887B00EC01E5 /* Release */ = {
			isa = XCBuildConfiguration;
			buildSettings = {
				ALWAYS_SEARCH_USER_PATHS = NO;
				CLANG_ANALYZER_NONNULL = YES;
				CLANG_ANALYZER_NUMBER_OBJECT_CONVERSION = YES_AGGRESSIVE;
				CLANG_CXX_LANGUAGE_STANDARD = "gnu++20";
				CLANG_ENABLE_MODULES = YES;
				CLANG_ENABLE_OBJC_ARC = YES;
				CLANG_ENABLE_OBJC_WEAK = YES;
				CLANG_WARN_BLOCK_CAPTURE_AUTORELEASING = YES;
				CLANG_WARN_BOOL_CONVERSION = YES;
				CLANG_WARN_COMMA = YES;
				CLANG_WARN_CONSTANT_CONVERSION = YES;
				CLANG_WARN_DEPRECATED_OBJC_IMPLEMENTATIONS = YES;
				CLANG_WARN_DIRECT_OBJC_ISA_USAGE = YES_ERROR;
				CLANG_WARN_DOCUMENTATION_COMMENTS = YES;
				CLANG_WARN_EMPTY_BODY = YES;
				CLANG_WARN_ENUM_CONVERSION = YES;
				CLANG_WARN_INFINITE_RECURSION = YES;
				CLANG_WARN_INT_CONVERSION = YES;
				CLANG_WARN_NON_LITERAL_NULL_CONVERSION = YES;
				CLANG_WARN_OBJC_IMPLICIT_RETAIN_SELF = YES;
				CLANG_WARN_OBJC_LITERAL_CONVERSION = YES;
				CLANG_WARN_OBJC_ROOT_CLASS = YES_ERROR;
				CLANG_WARN_QUOTED_INCLUDE_IN_FRAMEWORK_HEADER = YES;
				CLANG_WARN_RANGE_LOOP_ANALYSIS = YES;
				CLANG_WARN_STRICT_PROTOTYPES = YES;
				CLANG_WARN_SUSPICIOUS_MOVE = YES;
				CLANG_WARN_UNGUARDED_AVAILABILITY = YES_AGGRESSIVE;
				CLANG_WARN_UNREACHABLE_CODE = YES;
				CLANG_WARN__DUPLICATE_METHOD_MATCH = YES;
				COPY_PHASE_STRIP = NO;
				DEBUG_INFORMATION_FORMAT = "dwarf-with-dsym";
				ENABLE_NS_ASSERTIONS = NO;
				ENABLE_STRICT_OBJC_MSGSEND = YES;
				GCC_C_LANGUAGE_STANDARD = gnu11;
				GCC_NO_COMMON_BLOCKS = YES;
				GCC_WARN_64_TO_32_BIT_CONVERSION = YES;
				GCC_WARN_ABOUT_RETURN_TYPE = YES_ERROR;
				GCC_WARN_UNDECLARED_SELECTOR = YES;
				GCC_WARN_UNINITIALIZED_AUTOS = YES_AGGRESSIVE;
				GCC_WARN_UNUSED_FUNCTION = YES;
				GCC_WARN_UNUSED_VARIABLE = YES;
				IPHONEOS_DEPLOYMENT_TARGET = 16.4;
				MTL_ENABLE_DEBUG_INFO = NO;
				MTL_FAST_MATH = YES;
				SDKROOT = iphoneos;
				SWIFT_COMPILATION_MODE = wholemodule;
				SWIFT_OPTIMIZATION_LEVEL = "-O";
				VALIDATE_PRODUCT = YES;
			};
			name = Release;
		};
		09FBDF112A29887B00EC01E5 /* Debug */ = {
			isa = XCBuildConfiguration;
			buildSettings = {
				ASSETCATALOG_COMPILER_APPICON_NAME = AppIcon;
				ASSETCATALOG_COMPILER_GLOBAL_ACCENT_COLOR_NAME = AccentColor;
				CODE_SIGN_STYLE = Automatic;
				CURRENT_PROJECT_VERSION = 1;
				DEVELOPMENT_ASSET_PATHS = "\"HomeWork2/Preview Content\"";
				DEVELOPMENT_TEAM = ZV52AWWYLR;
				ENABLE_PREVIEWS = YES;
				GENERATE_INFOPLIST_FILE = YES;
				INFOPLIST_KEY_UIApplicationSceneManifest_Generation = YES;
				INFOPLIST_KEY_UIApplicationSupportsIndirectInputEvents = YES;
				INFOPLIST_KEY_UILaunchScreen_Generation = YES;
				INFOPLIST_KEY_UISupportedInterfaceOrientations_iPad = "UIInterfaceOrientationPortrait UIInterfaceOrientationPortraitUpsideDown UIInterfaceOrientationLandscapeLeft UIInterfaceOrientationLandscapeRight";
				INFOPLIST_KEY_UISupportedInterfaceOrientations_iPhone = "UIInterfaceOrientationPortrait UIInterfaceOrientationLandscapeLeft UIInterfaceOrientationLandscapeRight";
				LD_RUNPATH_SEARCH_PATHS = (
					"$(inherited)",
					"@executable_path/Frameworks",
				);
				MARKETING_VERSION = 1.0;
				PRODUCT_BUNDLE_IDENTIFIER = limonstudio.HomeWork2;
				PRODUCT_NAME = "$(TARGET_NAME)";
				SWIFT_EMIT_LOC_STRINGS = YES;
				SWIFT_VERSION = 5.0;
				TARGETED_DEVICE_FAMILY = "1,2";
			};
			name = Debug;
		};
		09FBDF122A29887B00EC01E5 /* Release */ = {
			isa = XCBuildConfiguration;
			buildSettings = {
				ASSETCATALOG_COMPILER_APPICON_NAME = AppIcon;
				ASSETCATALOG_COMPILER_GLOBAL_ACCENT_COLOR_NAME = AccentColor;
				CODE_SIGN_STYLE = Automatic;
				CURRENT_PROJECT_VERSION = 1;
				DEVELOPMENT_ASSET_PATHS = "\"HomeWork2/Preview Content\"";
				DEVELOPMENT_TEAM = ZV52AWWYLR;
				ENABLE_PREVIEWS = YES;
				GENERATE_INFOPLIST_FILE = YES;
				INFOPLIST_KEY_UIApplicationSceneManifest_Generation = YES;
				INFOPLIST_KEY_UIApplicationSupportsIndirectInputEvents = YES;
				INFOPLIST_KEY_UILaunchScreen_Generation = YES;
				INFOPLIST_KEY_UISupportedInterfaceOrientations_iPad = "UIInterfaceOrientationPortrait UIInterfaceOrientationPortraitUpsideDown UIInterfaceOrientationLandscapeLeft UIInterfaceOrientationLandscapeRight";
				INFOPLIST_KEY_UISupportedInterfaceOrientations_iPhone = "UIInterfaceOrientationPortrait UIInterfaceOrientationLandscapeLeft UIInterfaceOrientationLandscapeRight";
				LD_RUNPATH_SEARCH_PATHS = (
					"$(inherited)",
					"@executable_path/Frameworks",
				);
				MARKETING_VERSION = 1.0;
				PRODUCT_BUNDLE_IDENTIFIER = limonstudio.HomeWork2;
				PRODUCT_NAME = "$(TARGET_NAME)";
				SWIFT_EMIT_LOC_STRINGS = YES;
				SWIFT_VERSION = 5.0;
				TARGETED_DEVICE_FAMILY = "1,2";
			};
			name = Release;
		};
/* End XCBuildConfiguration section */

/* Begin XCConfigurationList section */
		09FBDEF82A29887A00EC01E5 /* Build configuration list for PBXProject "HomeWork2" */ = {
			isa = XCConfigurationList;
			buildConfigurations = (
				09FBDF0E2A29887B00EC01E5 /* Debug */,
				09FBDF0F2A29887B00EC01E5 /* Release */,
			);
			defaultConfigurationIsVisible = 0;
			defaultConfigurationName = Release;
		};
		09FBDF102A29887B00EC01E5 /* Build configuration list for PBXNativeTarget "HomeWork2" */ = {
			isa = XCConfigurationList;
			buildConfigurations = (
				09FBDF112A29887B00EC01E5 /* Debug */,
				09FBDF122A29887B00EC01E5 /* Release */,
			);
			defaultConfigurationIsVisible = 0;
			defaultConfigurationName = Release;
		};
/* End XCConfigurationList section */

/* Begin XCVersionGroup section */
		09FBDF0B2A29887B00EC01E5 /* HomeWork2.xcdatamodeld */ = {
			isa = XCVersionGroup;
			children = (
				09FBDF0C2A29887B00EC01E5 /* HomeWork2.xcdatamodel */,
			);
			currentVersion = 09FBDF0C2A29887B00EC01E5 /* HomeWork2.xcdatamodel */;
			path = HomeWork2.xcdatamodeld;
			sourceTree = "<group>";
			versionGroupType = wrapper.xcdatamodel;
		};
/* End XCVersionGroup section */
	};
	rootObject = 09FBDEF52A29887A00EC01E5 /* Project object */;
}
